
Microsoft Visual Studio Solution File, Format Version 12.00
# Visual Studio Version 16
VisualStudioVersion = 16.0.28803.352
MinimumVisualStudioVersion = 10.0.40219.1
Project("{9A19103F-16F7-4668-BE54-9A1E7A4F7556}") = "golf.Api", "golf-api\golf.Api.csproj", "{0E5250E3-55FD-4FE1-8C22-34F67C50E84D}"
EndProject
Project("{9A19103F-16F7-4668-BE54-9A1E7A4F7556}") = "golf.Core", "golf.Core\golf.Core.csproj", "{00C537BD-57CA-4049-8DD9-87DB49FD9CA8}"
EndProject
Project("{FAE04EC0-301F-11D3-BF4B-00C04F79EFBC}") = "golf.Infrastructure", "golf.Infrastructure\golf.Infrastructure.csproj", "{6702029A-0F3E-4D36-A7D1-6F537CC0C63F}"
EndProject
Global
	GlobalSection(SolutionConfigurationPlatforms) = preSolution
		Debug|Any CPU = Debug|Any CPU
		Release|Any CPU = Release|Any CPU
	EndGlobalSection
	GlobalSection(ProjectConfigurationPlatforms) = postSolution
		{0E5250E3-55FD-4FE1-8C22-34F67C50E84D}.Debug|Any CPU.ActiveCfg = Debug|Any CPU
		{0E5250E3-55FD-4FE1-8C22-34F67C50E84D}.Debug|Any CPU.Build.0 = Debug|Any CPU
		{0E5250E3-55FD-4FE1-8C22-34F67C50E84D}.Release|Any CPU.ActiveCfg = Release|Any CPU
		{0E5250E3-55FD-4FE1-8C22-34F67C50E84D}.Release|Any CPU.Build.0 = Release|Any CPU
		{00C537BD-57CA-4049-8DD9-87DB49FD9CA8}.Debug|Any CPU.ActiveCfg = Debug|Any CPU
		{00C537BD-57CA-4049-8DD9-87DB49FD9CA8}.Debug|Any CPU.Build.0 = Debug|Any CPU
		{00C537BD-57CA-4049-8DD9-87DB49FD9CA8}.Release|Any CPU.ActiveCfg = Release|Any CPU
		{00C537BD-57CA-4049-8DD9-87DB49FD9CA8}.Release|Any CPU.Build.0 = Release|Any CPU
		{6702029A-0F3E-4D36-A7D1-6F537CC0C63F}.Debug|Any CPU.ActiveCfg = Debug|Any CPU
		{6702029A-0F3E-4D36-A7D1-6F537CC0C63F}.Debug|Any CPU.Build.0 = Debug|Any CPU
		{6702029A-0F3E-4D36-A7D1-6F537CC0C63F}.Release|Any CPU.ActiveCfg = Release|Any CPU
		{6702029A-0F3E-4D36-A7D1-6F537CC0C63F}.Release|Any CPU.Build.0 = Release|Any CPU
	EndGlobalSection
	GlobalSection(SolutionProperties) = preSolution
		HideSolutionNode = FALSE
	EndGlobalSection
	GlobalSection(ExtensibilityGlobals) = postSolution
		SolutionGuid = {94A7B57A-54B5-465F-AC5C-C7F1AE3E6C53}
	EndGlobalSection
EndGlobal
